{
  "name": "hussein-bot",
  "version": "3.0.1",
  "lockfileVersion": 1,
  "requires": true,
  "dependencies": {
    "@types/express": {
      "version": "4.16.1"
    },
    "axios": {
      "version": "0.18.0"
    },
    "discord.js": {
      "version": "11.4.2"
    },
    "express": {
      "version": "4.16.4"
    },
    "node-vibrant": {
      "version": "3.2.0-alpha"
    },
    "sequelize": {
      "version": "5.7.0"
    },
    "sqlite3": {
      "version": "4.0.6"
    },
    "winston": {
      "version": "2.4.4"
    },
    "ws": {
      "version": "6.2.1"
    }
  }
}
